
Microsoft Visual Studio Solution File, Format Version 12.00
# Visual Studio Version 17
VisualStudioVersion = 17.1.32328.378
MinimumVisualStudioVersion = 10.0.40219.1
Project("{2150E333-8FDC-42A3-9474-1A3956D46DE8}") = "Modules", "Modules", "{9FD38674-C435-4D35-9B26-745A5E5D8676}"
EndProject
Project("{2150E333-8FDC-42A3-9474-1A3956D46DE8}") = "TelegramBots", "TelegramBots", "{E4E2C57F-6C8F-4D0D-87BC-9B91AA76DCB0}"
EndProject
Project("{E53339B2-1760-4266-BCC7-CA923CBCF16C}") = "docker-compose", "docker-compose.dcproj", "{2EECC49F-528B-42CA-9F1D-8051D8409699}"
EndProject
Project("{2150E333-8FDC-42A3-9474-1A3956D46DE8}") = "Framework", "Framework", "{91FFB0F7-B480-4633-9BA1-4B9C9C787E1A}"
EndProject
Project("{2150E333-8FDC-42A3-9474-1A3956D46DE8}") = "src", "src", "{5165135E-9A24-4341-8313-81F3EA70BCD2}"
EndProject
Project("{2150E333-8FDC-42A3-9474-1A3956D46DE8}") = "Migrations", "Migrations", "{7FEBFD23-243E-44EB-B0F7-D9D1D282144F}"
EndProject
Project("{9A19103F-16F7-4668-BE54-9A1E7A4F7556}") = "IronPython.Api", "src\IronPython.Web\IronPython.Api.csproj", "{76C0BA08-0EB7-4010-81BE-256128E37EC3}"
EndProject
Project("{9A19103F-16F7-4668-BE54-9A1E7A4F7556}") = "IronPython.Migrator", "src\Migrations\IronPython.Migrator\IronPython.Migrator.csproj", "{A8FED527-97F4-4B50-8360-9E0C030DDE67}"
EndProject
Project("{9A19103F-16F7-4668-BE54-9A1E7A4F7556}") = "IronPython.Infrastructure", "src\Framework\IronPython.Infrastructure\IronPython.Infrastructure.csproj", "{E4382344-92E3-4FCC-823D-922E9FE6A3B0}"
EndProject
Project("{9A19103F-16F7-4668-BE54-9A1E7A4F7556}") = "IronPython.Core", "src\Framework\IronPython.Core\IronPython.Core.csproj", "{FAC0E1F6-0FCA-4187-9D22-D8D348B30AE9}"
EndProject
Project("{2150E333-8FDC-42A3-9474-1A3956D46DE8}") = "tests", "tests", "{F7C7E60B-F788-4D33-ACB9-BEB11EBF1C61}"
EndProject
Project("{9A19103F-16F7-4668-BE54-9A1E7A4F7556}") = "IronPython.Migrator.TelegramBots", "src\Migrations\IronPython.Migrator.TelegramBots\IronPython.Migrator.TelegramBots.csproj", "{23B82E51-414A-4859-81DF-6FB87236CE29}"
EndProject
Project("{2150E333-8FDC-42A3-9474-1A3956D46DE8}") = "User", "User", "{3691428E-559A-4F95-B60C-A640634EE117}"
EndProject
Project("{9A19103F-16F7-4668-BE54-9A1E7A4F7556}") = "IronPython.User.Application", "src\Modules\User\IronPython.User.Application\IronPython.User.Application.csproj", "{610E2848-2AC2-4FB2-9DE1-6D50205CB333}"
EndProject
Project("{9A19103F-16F7-4668-BE54-9A1E7A4F7556}") = "IronPython.User.Contracts", "src\Modules\User\IronPython.User.Contracts\IronPython.User.Contracts.csproj", "{7C577749-83F2-4550-BA80-F215AA967C5E}"
EndProject
Project("{9A19103F-16F7-4668-BE54-9A1E7A4F7556}") = "IronPython.User.Domain", "src\Modules\User\IronPython.User.Domain\IronPython.User.Domain.csproj", "{5EB8A1DD-3DE3-445D-A774-CBE32796BBD6}"
EndProject
Project("{9A19103F-16F7-4668-BE54-9A1E7A4F7556}") = "IronPython.User.Infrastructure", "src\Modules\User\IronPython.User.Infrastructure\IronPython.User.Infrastructure.csproj", "{169A93EE-09D6-4C0C-ACBA-0FD774741D54}"
EndProject
Project("{9A19103F-16F7-4668-BE54-9A1E7A4F7556}") = "IronPython.Migrator.User", "src\Migrations\IronPython.Migrator.User\IronPython.Migrator.User.csproj", "{942D388C-7FBD-4E88-841B-86D4FB6D6FF1}"
EndProject
Project("{2150E333-8FDC-42A3-9474-1A3956D46DE8}") = "Solution Items", "Solution Items", "{EBD8E5FB-DF80-4117-978D-E199DFE4CF55}"
	ProjectSection(SolutionItems) = preProject
		.gitattributes = .gitattributes
		.gitignore = .gitignore
	EndProjectSection
EndProject
Project("{9A19103F-16F7-4668-BE54-9A1E7A4F7556}") = "IronPython.Domain", "src\Framework\IronPython.Domain\IronPython.Domain.csproj", "{EF47B09F-D44D-4788-BE0C-DEE5EE65B55B}"
EndProject
Project("{FAE04EC0-301F-11D3-BF4B-00C04F79EFBC}") = "IronPython.TelegramBots.Infrastructure", "src\Modules\TelegramBots\IronPython.TelegramBot.Infrastructure\IronPython.TelegramBots.Infrastructure.csproj", "{25E6D219-8651-4983-BFA3-49681FB21020}"
EndProject
Project("{FAE04EC0-301F-11D3-BF4B-00C04F79EFBC}") = "IronPython.TelegramBots.Domain", "src\Modules\TelegramBots\IronPython.TelegramBot.Domain\IronPython.TelegramBots.Domain.csproj", "{70D73184-AE08-4A79-BF37-90D11DCB1CAF}"
EndProject
Global
	GlobalSection(SolutionConfigurationPlatforms) = preSolution
		Debug|Any CPU = Debug|Any CPU
		Release|Any CPU = Release|Any CPU
	EndGlobalSection
	GlobalSection(ProjectConfigurationPlatforms) = postSolution
		{2EECC49F-528B-42CA-9F1D-8051D8409699}.Debug|Any CPU.ActiveCfg = Debug|Any CPU
		{2EECC49F-528B-42CA-9F1D-8051D8409699}.Debug|Any CPU.Build.0 = Debug|Any CPU
		{2EECC49F-528B-42CA-9F1D-8051D8409699}.Release|Any CPU.ActiveCfg = Release|Any CPU
		{2EECC49F-528B-42CA-9F1D-8051D8409699}.Release|Any CPU.Build.0 = Release|Any CPU
		{76C0BA08-0EB7-4010-81BE-256128E37EC3}.Debug|Any CPU.ActiveCfg = Debug|Any CPU
		{76C0BA08-0EB7-4010-81BE-256128E37EC3}.Debug|Any CPU.Build.0 = Debug|Any CPU
		{76C0BA08-0EB7-4010-81BE-256128E37EC3}.Release|Any CPU.ActiveCfg = Release|Any CPU
		{76C0BA08-0EB7-4010-81BE-256128E37EC3}.Release|Any CPU.Build.0 = Release|Any CPU
		{A8FED527-97F4-4B50-8360-9E0C030DDE67}.Debug|Any CPU.ActiveCfg = Debug|Any CPU
		{A8FED527-97F4-4B50-8360-9E0C030DDE67}.Debug|Any CPU.Build.0 = Debug|Any CPU
		{A8FED527-97F4-4B50-8360-9E0C030DDE67}.Release|Any CPU.ActiveCfg = Release|Any CPU
		{A8FED527-97F4-4B50-8360-9E0C030DDE67}.Release|Any CPU.Build.0 = Release|Any CPU
		{E4382344-92E3-4FCC-823D-922E9FE6A3B0}.Debug|Any CPU.ActiveCfg = Debug|Any CPU
		{E4382344-92E3-4FCC-823D-922E9FE6A3B0}.Debug|Any CPU.Build.0 = Debug|Any CPU
		{E4382344-92E3-4FCC-823D-922E9FE6A3B0}.Release|Any CPU.ActiveCfg = Release|Any CPU
		{E4382344-92E3-4FCC-823D-922E9FE6A3B0}.Release|Any CPU.Build.0 = Release|Any CPU
		{FAC0E1F6-0FCA-4187-9D22-D8D348B30AE9}.Debug|Any CPU.ActiveCfg = Debug|Any CPU
		{FAC0E1F6-0FCA-4187-9D22-D8D348B30AE9}.Debug|Any CPU.Build.0 = Debug|Any CPU
		{FAC0E1F6-0FCA-4187-9D22-D8D348B30AE9}.Release|Any CPU.ActiveCfg = Release|Any CPU
		{FAC0E1F6-0FCA-4187-9D22-D8D348B30AE9}.Release|Any CPU.Build.0 = Release|Any CPU
		{23B82E51-414A-4859-81DF-6FB87236CE29}.Debug|Any CPU.ActiveCfg = Debug|Any CPU
		{23B82E51-414A-4859-81DF-6FB87236CE29}.Debug|Any CPU.Build.0 = Debug|Any CPU
		{23B82E51-414A-4859-81DF-6FB87236CE29}.Release|Any CPU.ActiveCfg = Release|Any CPU
		{23B82E51-414A-4859-81DF-6FB87236CE29}.Release|Any CPU.Build.0 = Release|Any CPU
		{610E2848-2AC2-4FB2-9DE1-6D50205CB333}.Debug|Any CPU.ActiveCfg = Debug|Any CPU
		{610E2848-2AC2-4FB2-9DE1-6D50205CB333}.Debug|Any CPU.Build.0 = Debug|Any CPU
		{610E2848-2AC2-4FB2-9DE1-6D50205CB333}.Release|Any CPU.ActiveCfg = Release|Any CPU
		{610E2848-2AC2-4FB2-9DE1-6D50205CB333}.Release|Any CPU.Build.0 = Release|Any CPU
		{7C577749-83F2-4550-BA80-F215AA967C5E}.Debug|Any CPU.ActiveCfg = Debug|Any CPU
		{7C577749-83F2-4550-BA80-F215AA967C5E}.Debug|Any CPU.Build.0 = Debug|Any CPU
		{7C577749-83F2-4550-BA80-F215AA967C5E}.Release|Any CPU.ActiveCfg = Release|Any CPU
		{7C577749-83F2-4550-BA80-F215AA967C5E}.Release|Any CPU.Build.0 = Release|Any CPU
		{5EB8A1DD-3DE3-445D-A774-CBE32796BBD6}.Debug|Any CPU.ActiveCfg = Debug|Any CPU
		{5EB8A1DD-3DE3-445D-A774-CBE32796BBD6}.Debug|Any CPU.Build.0 = Debug|Any CPU
		{5EB8A1DD-3DE3-445D-A774-CBE32796BBD6}.Release|Any CPU.ActiveCfg = Release|Any CPU
		{5EB8A1DD-3DE3-445D-A774-CBE32796BBD6}.Release|Any CPU.Build.0 = Release|Any CPU
		{169A93EE-09D6-4C0C-ACBA-0FD774741D54}.Debug|Any CPU.ActiveCfg = Debug|Any CPU
		{169A93EE-09D6-4C0C-ACBA-0FD774741D54}.Debug|Any CPU.Build.0 = Debug|Any CPU
		{169A93EE-09D6-4C0C-ACBA-0FD774741D54}.Release|Any CPU.ActiveCfg = Release|Any CPU
		{169A93EE-09D6-4C0C-ACBA-0FD774741D54}.Release|Any CPU.Build.0 = Release|Any CPU
		{942D388C-7FBD-4E88-841B-86D4FB6D6FF1}.Debug|Any CPU.ActiveCfg = Debug|Any CPU
		{942D388C-7FBD-4E88-841B-86D4FB6D6FF1}.Debug|Any CPU.Build.0 = Debug|Any CPU
		{942D388C-7FBD-4E88-841B-86D4FB6D6FF1}.Release|Any CPU.ActiveCfg = Release|Any CPU
		{942D388C-7FBD-4E88-841B-86D4FB6D6FF1}.Release|Any CPU.Build.0 = Release|Any CPU
		{EF47B09F-D44D-4788-BE0C-DEE5EE65B55B}.Debug|Any CPU.ActiveCfg = Debug|Any CPU
		{EF47B09F-D44D-4788-BE0C-DEE5EE65B55B}.Debug|Any CPU.Build.0 = Debug|Any CPU
		{EF47B09F-D44D-4788-BE0C-DEE5EE65B55B}.Release|Any CPU.ActiveCfg = Release|Any CPU
		{EF47B09F-D44D-4788-BE0C-DEE5EE65B55B}.Release|Any CPU.Build.0 = Release|Any CPU
		{25E6D219-8651-4983-BFA3-49681FB21020}.Debug|Any CPU.ActiveCfg = Debug|Any CPU
		{25E6D219-8651-4983-BFA3-49681FB21020}.Debug|Any CPU.Build.0 = Debug|Any CPU
		{25E6D219-8651-4983-BFA3-49681FB21020}.Release|Any CPU.ActiveCfg = Release|Any CPU
		{25E6D219-8651-4983-BFA3-49681FB21020}.Release|Any CPU.Build.0 = Release|Any CPU
		{70D73184-AE08-4A79-BF37-90D11DCB1CAF}.Debug|Any CPU.ActiveCfg = Debug|Any CPU
		{70D73184-AE08-4A79-BF37-90D11DCB1CAF}.Debug|Any CPU.Build.0 = Debug|Any CPU
		{70D73184-AE08-4A79-BF37-90D11DCB1CAF}.Release|Any CPU.ActiveCfg = Release|Any CPU
		{70D73184-AE08-4A79-BF37-90D11DCB1CAF}.Release|Any CPU.Build.0 = Release|Any CPU
	EndGlobalSection
	GlobalSection(SolutionProperties) = preSolution
		HideSolutionNode = FALSE
	EndGlobalSection
	GlobalSection(NestedProjects) = preSolution
		{9FD38674-C435-4D35-9B26-745A5E5D8676} = {5165135E-9A24-4341-8313-81F3EA70BCD2}
		{E4E2C57F-6C8F-4D0D-87BC-9B91AA76DCB0} = {9FD38674-C435-4D35-9B26-745A5E5D8676}
		{91FFB0F7-B480-4633-9BA1-4B9C9C787E1A} = {5165135E-9A24-4341-8313-81F3EA70BCD2}
		{7FEBFD23-243E-44EB-B0F7-D9D1D282144F} = {5165135E-9A24-4341-8313-81F3EA70BCD2}
		{76C0BA08-0EB7-4010-81BE-256128E37EC3} = {5165135E-9A24-4341-8313-81F3EA70BCD2}
		{A8FED527-97F4-4B50-8360-9E0C030DDE67} = {7FEBFD23-243E-44EB-B0F7-D9D1D282144F}
		{E4382344-92E3-4FCC-823D-922E9FE6A3B0} = {91FFB0F7-B480-4633-9BA1-4B9C9C787E1A}
		{FAC0E1F6-0FCA-4187-9D22-D8D348B30AE9} = {91FFB0F7-B480-4633-9BA1-4B9C9C787E1A}
		{23B82E51-414A-4859-81DF-6FB87236CE29} = {7FEBFD23-243E-44EB-B0F7-D9D1D282144F}
		{3691428E-559A-4F95-B60C-A640634EE117} = {9FD38674-C435-4D35-9B26-745A5E5D8676}
		{610E2848-2AC2-4FB2-9DE1-6D50205CB333} = {3691428E-559A-4F95-B60C-A640634EE117}
		{7C577749-83F2-4550-BA80-F215AA967C5E} = {3691428E-559A-4F95-B60C-A640634EE117}
		{5EB8A1DD-3DE3-445D-A774-CBE32796BBD6} = {3691428E-559A-4F95-B60C-A640634EE117}
		{169A93EE-09D6-4C0C-ACBA-0FD774741D54} = {3691428E-559A-4F95-B60C-A640634EE117}
		{942D388C-7FBD-4E88-841B-86D4FB6D6FF1} = {7FEBFD23-243E-44EB-B0F7-D9D1D282144F}
		{EF47B09F-D44D-4788-BE0C-DEE5EE65B55B} = {91FFB0F7-B480-4633-9BA1-4B9C9C787E1A}
		{25E6D219-8651-4983-BFA3-49681FB21020} = {E4E2C57F-6C8F-4D0D-87BC-9B91AA76DCB0}
		{70D73184-AE08-4A79-BF37-90D11DCB1CAF} = {E4E2C57F-6C8F-4D0D-87BC-9B91AA76DCB0}
	EndGlobalSection
	GlobalSection(ExtensibilityGlobals) = postSolution
		SolutionGuid = {D1691477-A12C-4265-A0E7-4DE12758D7C8}
	EndGlobalSection
EndGlobal
